// !$*UTF8*$!
{
	archiveVersion = 1;
	classes = {
	};
	objectVersion = 46;
	objects = {

/* Begin PBXBuildFile section */
		BC679007170E27B700AF6366 /* UIKit.framework in Frameworks */ = {isa = PBXBuildFile; fileRef = BC679006170E27B700AF6366 /* UIKit.framework */; };
		BC679009170E27B700AF6366 /* Foundation.framework in Frameworks */ = {isa = PBXBuildFile; fileRef = BC679008170E27B700AF6366 /* Foundation.framework */; };
		BC67900B170E27B700AF6366 /* CoreGraphics.framework in Frameworks */ = {isa = PBXBuildFile; fileRef = BC67900A170E27B700AF6366 /* CoreGraphics.framework */; };
		BC679011170E27B700AF6366 /* InfoPlist.strings in Resources */ = {isa = PBXBuildFile; fileRef = BC67900F170E27B700AF6366 /* InfoPlist.strings */; };
		BC679013170E27B700AF6366 /* main.m in Sources */ = {isa = PBXBuildFile; fileRef = BC679012170E27B700AF6366 /* main.m */; };
		BC679017170E27B700AF6366 /* TestThreeAppDelegate.m in Sources */ = {isa = PBXBuildFile; fileRef = BC679016170E27B700AF6366 /* TestThreeAppDelegate.m */; };
		BC679019170E27B700AF6366 /* Default.png in Resources */ = {isa = PBXBuildFile; fileRef = BC679018170E27B700AF6366 /* Default.png */; };
		BC67901B170E27B700AF6366 /* Default@2x.png in Resources */ = {isa = PBXBuildFile; fileRef = BC67901A170E27B700AF6366 /* Default@2x.png */; };
		BC67901D170E27B700AF6366 /* Default-568h@2x.png in Resources */ = {isa = PBXBuildFile; fileRef = BC67901C170E27B700AF6366 /* Default-568h@2x.png */; };
		BC679020170E27B700AF6366 /* MainStoryboard.storyboard in Resources */ = {isa = PBXBuildFile; fileRef = BC67901E170E27B700AF6366 /* MainStoryboard.storyboard */; };
		BC679023170E27B700AF6366 /* TestThreeViewController.m in Sources */ = {isa = PBXBuildFile; fileRef = BC679022170E27B700AF6366 /* TestThreeViewController.m */; };
		BC67902B170E27E300AF6366 /* SecondViewController.m in Sources */ = {isa = PBXBuildFile; fileRef = BC67902A170E27E300AF6366 /* SecondViewController.m */; };
		BC67902E170E27F800AF6366 /* ThirdViewController.m in Sources */ = {isa = PBXBuildFile; fileRef = BC67902D170E27F800AF6366 /* ThirdViewController.m */; };
		BC679031170F488B00AF6366 /* Settings.m in Sources */ = {isa = PBXBuildFile; fileRef = BC679030170F488B00AF6366 /* Settings.m */; };
/* End PBXBuildFile section */

/* Begin PBXFileReference section */
		BC679003170E27B700AF6366 /* TestThree.app */ = {isa = PBXFileReference; explicitFileType = wrapper.application; includeInIndex = 0; path = TestThree.app; sourceTree = BUILT_PRODUCTS_DIR; };
		BC679006170E27B700AF6366 /* UIKit.framework */ = {isa = PBXFileReference; lastKnownFileType = wrapper.framework; name = UIKit.framework; path = System/Library/Frameworks/UIKit.framework; sourceTree = SDKROOT; };
		BC679008170E27B700AF6366 /* Foundation.framework */ = {isa = PBXFileReference; lastKnownFileType = wrapper.framework; name = Foundation.framework; path = System/Library/Frameworks/Foundation.framework; sourceTree = SDKROOT; };
		BC67900A170E27B700AF6366 /* CoreGraphics.framework */ = {isa = PBXFileReference; lastKnownFileType = wrapper.framework; name = CoreGraphics.framework; path = System/Library/Frameworks/CoreGraphics.framework; sourceTree = SDKROOT; };
		BC67900E170E27B700AF6366 /* TestThree-Info.plist */ = {isa = PBXFileReference; lastKnownFileType = text.plist.xml; path = "TestThree-Info.plist"; sourceTree = "<group>"; };
		BC679010170E27B700AF6366 /* en */ = {isa = PBXFileReference; lastKnownFileType = text.plist.strings; name = en; path = en.lproj/InfoPlist.strings; sourceTree = "<group>"; };
		BC679012170E27B700AF6366 /* main.m */ = {isa = PBXFileReference; lastKnownFileType = sourcecode.c.objc; path = main.m; sourceTree = "<group>"; };
		BC679014170E27B700AF6366 /* TestThree-Prefix.pch */ = {isa = PBXFileReference; lastKnownFileType = sourcecode.c.h; path = "TestThree-Prefix.pch"; sourceTree = "<group>"; };
		BC679015170E27B700AF6366 /* TestThreeAppDelegate.h */ = {isa = PBXFileReference; lastKnownFileType = sourcecode.c.h; path = TestThreeAppDelegate.h; sourceTree = "<group>"; };
		BC679016170E27B700AF6366 /* TestThreeAppDelegate.m */ = {isa = PBXFileReference; lastKnownFileType = sourcecode.c.objc; path = TestThreeAppDelegate.m; sourceTree = "<group>"; };
		BC679018170E27B700AF6366 /* Default.png */ = {isa = PBXFileReference; lastKnownFileType = image.png; path = Default.png; sourceTree = "<group>"; };
		BC67901A170E27B700AF6366 /* Default@2x.png */ = {isa = PBXFileReference; lastKnownFileType = image.png; path = "Default@2x.png"; sourceTree = "<group>"; };
		BC67901C170E27B700AF6366 /* Default-568h@2x.png */ = {isa = PBXFileReference; lastKnownFileType = image.png; path = "Default-568h@2x.png"; sourceTree = "<group>"; };
		BC67901F170E27B700AF6366 /* en */ = {isa = PBXFileReference; lastKnownFileType = file.storyboard; name = en; path = en.lproj/MainStoryboard.storyboard; sourceTree = "<group>"; };
		BC679021170E27B700AF6366 /* TestThreeViewController.h */ = {isa = PBXFileReference; lastKnownFileType = sourcecode.c.h; path = TestThreeViewController.h; sourceTree = "<group>"; };
		BC679022170E27B700AF6366 /* TestThreeViewController.m */ = {isa = PBXFileReference; lastKnownFileType = sourcecode.c.objc; path = TestThreeViewController.m; sourceTree = "<group>"; };
		BC679029170E27E300AF6366 /* SecondViewController.h */ = {isa = PBXFileReference; fileEncoding = 4; lastKnownFileType = sourcecode.c.h; path = SecondViewController.h; sourceTree = "<group>"; };
		BC67902A170E27E300AF6366 /* SecondViewController.m */ = {isa = PBXFileReference; fileEncoding = 4; lastKnownFileType = sourcecode.c.objc; path = SecondViewController.m; sourceTree = "<group>"; };
		BC67902C170E27F800AF6366 /* ThirdViewController.h */ = {isa = PBXFileReference; fileEncoding = 4; lastKnownFileType = sourcecode.c.h; path = ThirdViewController.h; sourceTree = "<group>"; };
		BC67902D170E27F800AF6366 /* ThirdViewController.m */ = {isa = PBXFileReference; fileEncoding = 4; lastKnownFileType = sourcecode.c.objc; path = ThirdViewController.m; sourceTree = "<group>"; };
		BC67902F170F488B00AF6366 /* Settings.h */ = {isa = PBXFileReference; fileEncoding = 4; lastKnownFileType = sourcecode.c.h; path = Settings.h; sourceTree = "<group>"; };
		BC679030170F488B00AF6366 /* Settings.m */ = {isa = PBXFileReference; fileEncoding = 4; lastKnownFileType = sourcecode.c.objc; path = Settings.m; sourceTree = "<group>"; };
/* End PBXFileReference section */

/* Begin PBXFrameworksBuildPhase section */
		BC679000170E27B600AF6366 /* Frameworks */ = {
			isa = PBXFrameworksBuildPhase;
			buildActionMask = 2147483647;
			files = (
				BC679007170E27B700AF6366 /* UIKit.framework in Frameworks */,
				BC679009170E27B700AF6366 /* Foundation.framework in Frameworks */,
				BC67900B170E27B700AF6366 /* CoreGraphics.framework in Frameworks */,
			);
			runOnlyForDeploymentPostprocessing = 0;
		};
/* End PBXFrameworksBuildPhase section */

/* Begin PBXGroup section */
		BC678FFA170E27B600AF6366 = {
			isa = PBXGroup;
			children = (
				BC67900C170E27B700AF6366 /* TestThree */,
				BC679005170E27B700AF6366 /* Frameworks */,
				BC679004170E27B700AF6366 /* Products */,
			);
			sourceTree = "<group>";
		};
		BC679004170E27B700AF6366 /* Products */ = {
			isa = PBXGroup;
			children = (
				BC679003170E27B700AF6366 /* TestThree.app */,
			);
			name = Products;
			sourceTree = "<group>";
		};
		BC679005170E27B700AF6366 /* Frameworks */ = {
			isa = PBXGroup;
			children = (
				BC679006170E27B700AF6366 /* UIKit.framework */,
				BC679008170E27B700AF6366 /* Foundation.framework */,
				BC67900A170E27B700AF6366 /* CoreGraphics.framework */,
			);
			name = Frameworks;
			sourceTree = "<group>";
		};
		BC67900C170E27B700AF6366 /* TestThree */ = {
			isa = PBXGroup;
			children = (
				BC67902F170F488B00AF6366 /* Settings.h */,
				BC679030170F488B00AF6366 /* Settings.m */,
				BC67902C170E27F800AF6366 /* ThirdViewController.h */,
				BC67902D170E27F800AF6366 /* ThirdViewController.m */,
				BC679029170E27E300AF6366 /* SecondViewController.h */,
				BC67902A170E27E300AF6366 /* SecondViewController.m */,
				BC679015170E27B700AF6366 /* TestThreeAppDelegate.h */,
				BC679016170E27B700AF6366 /* TestThreeAppDelegate.m */,
				BC67901E170E27B700AF6366 /* MainStoryboard.storyboard */,
				BC679021170E27B700AF6366 /* TestThreeViewController.h */,
				BC679022170E27B700AF6366 /* TestThreeViewController.m */,
				BC67900D170E27B700AF6366 /* Supporting Files */,
			);
			path = TestThree;
			sourceTree = "<group>";
		};
		BC67900D170E27B700AF6366 /* Supporting Files */ = {
			isa = PBXGroup;
			children = (
				BC67900E170E27B700AF6366 /* TestThree-Info.plist */,
				BC67900F170E27B700AF6366 /* InfoPlist.strings */,
				BC679012170E27B700AF6366 /* main.m */,
				BC679014170E27B700AF6366 /* TestThree-Prefix.pch */,
				BC679018170E27B700AF6366 /* Default.png */,
				BC67901A170E27B700AF6366 /* Default@2x.png */,
				BC67901C170E27B700AF6366 /* Default-568h@2x.png */,
			);
			name = "Supporting Files";
			sourceTree = "<group>";
		};
/* End PBXGroup section */

/* Begin PBXNativeTarget section */
		BC679002170E27B600AF6366 /* TestThree */ = {
			isa = PBXNativeTarget;
			buildConfigurationList = BC679026170E27B700AF6366 /* Build configuration list for PBXNativeTarget "TestThree" */;
			buildPhases = (
				BC678FFF170E27B600AF6366 /* Sources */,
				BC679000170E27B600AF6366 /* Frameworks */,
				BC679001170E27B600AF6366 /* Resources */,
			);
			buildRules = (
			);
			dependencies = (
			);
			name = TestThree;
			productName = TestThree;
			productReference = BC679003170E27B700AF6366 /* TestThree.app */;
			productType = "com.apple.product-type.application";
		};
/* End PBXNativeTarget section */

/* Begin PBXProject section */
		BC678FFB170E27B600AF6366 /* Project object */ = {
			isa = PBXProject;
			attributes = {
				CLASSPREFIX = TestThree;
				LastUpgradeCheck = 0460;
				ORGANIZATIONNAME = "Milan Justel";
			};
			buildConfigurationList = BC678FFE170E27B600AF6366 /* Build configuration list for PBXProject "TestThree" */;
			compatibilityVersion = "Xcode 3.2";
			developmentRegion = English;
			hasScannedForEncodings = 0;
			knownRegions = (
				en,
			);
			mainGroup = BC678FFA170E27B600AF6366;
			productRefGroup = BC679004170E27B700AF6366 /* Products */;
			projectDirPath = "";
			projectRoot = "";
			targets = (
				BC679002170E27B600AF6366 /* TestThree */,
			);
		};
/* End PBXProject section */

/* Begin PBXResourcesBuildPhase section */
		BC679001170E27B600AF6366 /* Resources */ = {
			isa = PBXResourcesBuildPhase;
			buildActionMask = 2147483647;
			files = (
				BC679011170E27B700AF6366 /* InfoPlist.strings in Resources */,
				BC679019170E27B700AF6366 /* Default.png in Resources */,
				BC67901B170E27B700AF6366 /* Default@2x.png in Resources */,
				BC67901D170E27B700AF6366 /* Default-568h@2x.png in Resources */,
				BC679020170E27B700AF6366 /* MainStoryboard.storyboard in Resources */,
			);
			runOnlyForDeploymentPostprocessing = 0;
		};
/* End PBXResourcesBuildPhase section */

/* Begin PBXSourcesBuildPhase section */
		BC678FFF170E27B600AF6366 /* Sources */ = {
			isa = PBXSourcesBuildPhase;
			buildActionMask = 2147483647;
			files = (
				BC679013170E27B700AF6366 /* main.m in Sources */,
				BC679017170E27B700AF6366 /* TestThreeAppDelegate.m in Sources */,
				BC679023170E27B700AF6366 /* TestThreeViewController.m in Sources */,
				BC67902B170E27E300AF6366 /* SecondViewController.m in Sources */,
				BC67902E170E27F800AF6366 /* ThirdViewController.m in Sources */,
				BC679031170F488B00AF6366 /* Settings.m in Sources */,
			);
			runOnlyForDeploymentPostprocessing = 0;
		};
/* End PBXSourcesBuildPhase section */

/* Begin PBXVariantGroup section */
		BC67900F170E27B700AF6366 /* InfoPlist.strings */ = {
			isa = PBXVariantGroup;
			children = (
				BC679010170E27B700AF6366 /* en */,
			);
			name = InfoPlist.strings;
			sourceTree = "<group>";
		};
		BC67901E170E27B700AF6366 /* MainStoryboard.storyboard */ = {
			isa = PBXVariantGroup;
			children = (
				BC67901F170E27B700AF6366 /* en */,
			);
			name = MainStoryboard.storyboard;
			sourceTree = "<group>";
		};
/* End PBXVariantGroup section */

/* Begin XCBuildConfiguration section */
		BC679024170E27B700AF6366 /* Debug */ = {
			isa = XCBuildConfiguration;
			buildSettings = {
				ALWAYS_SEARCH_USER_PATHS = NO;
				CLANG_CXX_LANGUAGE_STANDARD = "gnu++0x";
				CLANG_CXX_LIBRARY = "libc++";
				CLANG_ENABLE_OBJC_ARC = YES;
				CLANG_WARN_CONSTANT_CONVERSION = YES;
				CLANG_WARN_EMPTY_BODY = YES;
				CLANG_WARN_ENUM_CONVERSION = YES;
				CLANG_WARN_INT_CONVERSION = YES;
				CLANG_WARN__DUPLICATE_METHOD_MATCH = YES;
				"CODE_SIGN_IDENTITY[sdk=iphoneos*]" = "iPhone Developer";
				COPY_PHASE_STRIP = NO;
				GCC_C_LANGUAGE_STANDARD = gnu99;
				GCC_DYNAMIC_NO_PIC = NO;
				GCC_OPTIMIZATION_LEVEL = 0;
				GCC_PREPROCESSOR_DEFINITIONS = (
					"DEBUG=1",
					"$(inherited)",
				);
				GCC_SYMBOLS_PRIVATE_EXTERN = NO;
				GCC_WARN_ABOUT_RETURN_TYPE = YES;
				GCC_WARN_UNINITIALIZED_AUTOS = YES;
				GCC_WARN_UNUSED_VARIABLE = YES;
				IPHONEOS_DEPLOYMENT_TARGET = 6.1;
				ONLY_ACTIVE_ARCH = YES;
				SDKROOT = iphoneos;
			};
			name = Debug;
		};
		BC679025170E27B700AF6366 /* Release */ = {
			isa = XCBuildConfiguration;
			buildSettings = {
				ALWAYS_SEARCH_USER_PATHS = NO;
				CLANG_CXX_LANGUAGE_STANDARD = "gnu++0x";
				CLANG_CXX_LIBRARY = "libc++";
				CLANG_ENABLE_OBJC_ARC = YES;
				CLANG_WARN_CONSTANT_CONVERSION = YES;
				CLANG_WARN_EMPTY_BODY = YES;
				CLANG_WARN_ENUM_CONVERSION = YES;
				CLANG_WARN_INT_CONVERSION = YES;
				CLANG_WARN__DUPLICATE_METHOD_MATCH = YES;
				"CODE_SIGN_IDENTITY[sdk=iphoneos*]" = "iPhone Developer";
				COPY_PHASE_STRIP = YES;
				GCC_C_LANGUAGE_STANDARD = gnu99;
				GCC_WARN_ABOUT_RETURN_TYPE = YES;
				GCC_WARN_UNINITIALIZED_AUTOS = YES;
				GCC_WARN_UNUSED_VARIABLE = YES;
				IPHONEOS_DEPLOYMENT_TARGET = 6.1;
				OTHER_CFLAGS = "-DNS_BLOCK_ASSERTIONS=1";
				SDKROOT = iphoneos;
				VALIDATE_PRODUCT = YES;
			};
			name = Release;
		};
		BC679027170E27B700AF6366 /* Debug */ = {
			isa = XCBuildConfiguration;
			buildSettings = {
				GCC_PRECOMPILE_PREFIX_HEADER = YES;
				GCC_PREFIX_HEADER = "TestThree/TestThree-Prefix.pch";
				INFOPLIST_FILE = "TestThree/TestThree-Info.plist";
				PRODUCT_NAME = "$(TARGET_NAME)";
				WRAPPER_EXTENSION = app;
			};
			name = Debug;
		};
		BC679028170E27B700AF6366 /* Release */ = {
			isa = XCBuildConfiguration;
			buildSettings = {
				GCC_PRECOMPILE_PREFIX_HEADER = YES;
				GCC_PREFIX_HEADER = "TestThree/TestThree-Prefix.pch";
				INFOPLIST_FILE = "TestThree/TestThree-Info.plist";
				PRODUCT_NAME = "$(TARGET_NAME)";
				WRAPPER_EXTENSION = app;
			};
			name = Release;
		};
/* End XCBuildConfiguration section */

/* Begin XCConfigurationList section */
		BC678FFE170E27B600AF6366 /* Build configuration list for PBXProject "TestThree" */ = {
			isa = XCConfigurationList;
			buildConfigurations = (
				BC679024170E27B700AF6366 /* Debug */,
				BC679025170E27B700AF6366 /* Release */,
			);
			defaultConfigurationIsVisible = 0;
			defaultConfigurationName = Release;
		};
		BC679026170E27B700AF6366 /* Build configuration list for PBXNativeTarget "TestThree" */ = {
			isa = XCConfigurationList;
			buildConfigurations = (
				BC679027170E27B700AF6366 /* Debug */,
				BC679028170E27B700AF6366 /* Release */,
			);
			defaultConfigurationIsVisible = 0;
		};
/* End XCConfigurationList section */
	};
	rootObject = BC678FFB170E27B600AF6366 /* Project object */;
}
